lockfileVersion: 5.3

specifiers:
  '@vue/reactivity': ^3.2.31

dependencies:
  '@vue/reactivity': 3.2.31

packages:

  /@vue/reactivity/3.2.31:
    resolution: {integrity: sha512-HVr0l211gbhpEKYr2hYe7hRsV91uIVGFYNHj73njbARVGHQvIojkImKMaZNDdoDZOIkMsBc9a1sMqR+WZwfSCw==}
    dependencies:
      '@vue/shared': 3.2.31
    dev: false

  /@vue/shared/3.2.31:
    resolution: {integrity: sha512-ymN2pj6zEjiKJZbrf98UM2pfDd6F2H7ksKw7NDt/ZZ1fh5Ei39X5tABugtT03ZRlWd9imccoK0hE8hpjpU7irQ==}
    dev: false
